
Microsoft Visual Studio Solution File, Format Version 12.00
# Visual Studio Version 17
VisualStudioVersion = 17.1.31903.286
MinimumVisualStudioVersion = 10.0.40219.1
Project("{8BC9CEB8-8B4A-11D0-8D11-00A0C91BC942}") = "DataStruct", "DataStruct.vcxproj", "{5683592F-4FF2-49E3-B7AE-4C777B13D723}"
EndProject
Global
	GlobalSection(SolutionConfigurationPlatforms) = preSolution
		Debug|x64 = Debug|x64
		Debug|x86 = Debug|x86
		Release|x64 = Release|x64
		Release|x86 = Release|x86
	EndGlobalSection
	GlobalSection(ProjectConfigurationPlatforms) = postSolution
		{5683592F-4FF2-49E3-B7AE-4C777B13D723}.Debug|x64.ActiveCfg = Debug|x64
		{5683592F-4FF2-49E3-B7AE-4C777B13D723}.Debug|x64.Build.0 = Debug|x64
		{5683592F-4FF2-49E3-B7AE-4C777B13D723}.Debug|x86.ActiveCfg = Debug|Win32
		{5683592F-4FF2-49E3-B7AE-4C777B13D723}.Debug|x86.Build.0 = Debug|Win32
		{5683592F-4FF2-49E3-B7AE-4C777B13D723}.Release|x64.ActiveCfg = Release|x64
		{5683592F-4FF2-49E3-B7AE-4C777B13D723}.Release|x64.Build.0 = Release|x64
		{5683592F-4FF2-49E3-B7AE-4C777B13D723}.Release|x86.ActiveCfg = Release|Win32
		{5683592F-4FF2-49E3-B7AE-4C777B13D723}.Release|x86.Build.0 = Release|Win32
	EndGlobalSection
	GlobalSection(SolutionProperties) = preSolution
		HideSolutionNode = FALSE
	EndGlobalSection
	GlobalSection(ExtensibilityGlobals) = postSolution
		SolutionGuid = {39CF07FE-23F5-4E9D-84A3-CE34479666EB}
	EndGlobalSection
EndGlobal
